# @generated by Move, please check-in and do not edit manually.

[move]
version = 3
manifest_digest = "A59793ECCCF8FC7272D25A901CD067487546B545AB510A946C9803C89701C693"
deps_digest = "F8BBB0CCB2491CA29A3DF03D6F92277A4F3574266507ACD77214D37ECA3F3082"
dependencies = [
  { name = "Iota" },
]

[[move.package]]
name = "Iota"
source = { git = "https://github.com/iotaledger/iota.git", rev = "testnet", subdir = "crates/iota-framework/packages/iota-framework" }

dependencies = [
  { name = "MoveStdlib" },
]

[[move.package]]
name = "MoveStdlib"
source = { git = "https://github.com/iotaledger/iota.git", rev = "testnet", subdir = "crates/iota-framework/packages/move-stdlib" }

[move.toolchain-version]
compiler-version = "0.9.2-rc"
edition = "2024.beta"
flavor = "iota"

[env]

[env.mainnet]
chain-id = "35834a8a"
original-published-id = "0x0000000000000000000000000000000000000000000000000000000000000000"
latest-published-id = "0x24643d3e283d6f8ce0db0c597d240aaac94315d7d121bd9a48b836f876d9d5db"
published-version = "4"

[env.testnet]
chain-id = "2304aa97"
original-published-id = "0xda1f5d1e3876f32eed5843e61cbc380907590a4b74f10eb0cbe9ec5a897ff596"
latest-published-id = "0xda1f5d1e3876f32eed5843e61cbc380907590a4b74f10eb0cbe9ec5a897ff596"
published-version = "1"
