# @generated by Move, please check-in and do not edit manually.

[move]
version = 3
manifest_digest = "F3472ED0334E02BFE32BB2500FA99901B2547D280CB1F9140BAF9B9C51829DE2"
deps_digest = "3C4103934B1E040BB6B23F1D610B4EF9F2F1166A50A104EADCF77467C004C600"
dependencies = [
  { id = "Sui", name = "Sui" },
  { id = "usdc", name = "usdc" },
]

[[move.package]]
id = "MoveStdlib"
source = { git = "https://github.com/MystenLabs/sui.git", rev = "framework/testnet", subdir = "crates\\sui-framework\\packages\\move-stdlib" }

[[move.package]]
id = "Sui"
source = { git = "https://github.com/MystenLabs/sui.git", rev = "framework/testnet", subdir = "crates/sui-framework/packages/sui-framework" }

dependencies = [
  { id = "MoveStdlib", name = "MoveStdlib" },
]

[[move.package]]
id = "stablecoin"
source = { git = "https://github.com/circlefin/stablecoin-sui.git", rev = "8aca6be3599054438e4cae51dca1e238c0ad2656", subdir = "packages\\stablecoin" }

dependencies = [
  { id = "Sui", name = "Sui" },
  { id = "sui_extensions", name = "sui_extensions" },
]

[[move.package]]
id = "sui_extensions"
source = { git = "https://github.com/circlefin/stablecoin-sui.git", rev = "8aca6be3599054438e4cae51dca1e238c0ad2656", subdir = "packages\\sui_extensions" }

dependencies = [
  { id = "Sui", name = "Sui" },
]

[[move.package]]
id = "usdc"
source = { git = "https://github.com/circlefin/stablecoin-sui.git", rev = "8aca6be3599054438e4cae51dca1e238c0ad2656", subdir = "packages/usdc" }

dependencies = [
  { id = "Sui", name = "Sui" },
  { id = "stablecoin", name = "stablecoin" },
  { id = "sui_extensions", name = "sui_extensions" },
]

[move.toolchain-version]
compiler-version = "1.37.1"
edition = "2024.beta"
flavor = "sui"

[env]

[env.devnet]
chain-id = "d4b9ca36"
original-published-id = "0xf425c2963a688b6fd2ea633514277b1931d4c291db2ce7e128e90bdb119867b3"
latest-published-id = "0xf425c2963a688b6fd2ea633514277b1931d4c291db2ce7e128e90bdb119867b3"
published-version = "1"
