# @generated by Move, please check-in and do not edit manually.

[move]
version = 3
manifest_digest = "B1E8D93DA8C08CA12C24B417AE1F6E790D06B98031004361D2F96CD1F16A96BB"
deps_digest = "F8BBB0CCB2491CA29A3DF03D6F92277A4F3574266507ACD77214D37ECA3F3082"
dependencies = [
  { id = "Sui", name = "Sui" },
]

[[move.package]]
id = "MoveStdlib"
source = { git = "https://github.com/MystenLabs/sui.git", rev = "framework/mainnet", subdir = "crates/sui-framework/packages/move-stdlib" }

[[move.package]]
id = "Sui"
source = { git = "https://github.com/MystenLabs/sui.git", rev = "framework/mainnet", subdir = "crates/sui-framework/packages/sui-framework" }

dependencies = [
  { id = "MoveStdlib", name = "MoveStdlib" },
]

[move.toolchain-version]
compiler-version = "1.40.3"
edition = "2024.beta"
flavor = "sui"

[env]

[env.testnet]
chain-id = "4c78adac"
original-published-id = "0x2782e601cfb23063db01f50ce1ad70236c96623eb4298676ed2bf9fd1a5dbbf1"
latest-published-id = "0xbd1d80fb7111802729e691cf15b40d3040b446605e18fa86f1ff5d61d679edb0"
published-version = "2"

[env.devnet]
chain-id = "d4b9ca36"
original-published-id = "0x62949a788bee0c79f4f26739789c0043a6ea0a0863d9572c2261d270ae006e34"
latest-published-id = "0x62949a788bee0c79f4f26739789c0043a6ea0a0863d9572c2261d270ae006e34"
published-version = "1"
